{
    "name": "github-stats-box",
    "version": "0.1.0",
    "lockfileVersion": 1,
    "requires": true,
    "dependencies": {
        "@bokub/prettier-config": {
            "version": "1.0.1",
            "resolved": "https://registry.npmjs.org/@bokub/prettier-config/-/prettier-config-1.0.1.tgz",
            "integrity": "sha512-//10QF4ZP6SuBsuqOpeHlroBa5gHekKZUDYSpQ1Evmi0DIu5uUojpJ0lU4lVnvaCvKUCLdIdBFlEUiLOSNmTNw==",
            "dev": true
        },
        "@octokit/endpoint": {
            "version": "6.0.3",
            "resolved": "https://registry.npmjs.org/@octokit/endpoint/-/endpoint-6.0.3.tgz",
            "integrity": "sha512-Y900+r0gIz+cWp6ytnkibbD95ucEzDSKzlEnaWS52hbCDNcCJYO5mRmWW7HRAnDc7am+N/5Lnd8MppSaTYx1Yg==",
            "requires": {
                "@octokit/types": "^5.0.0",
                "is-plain-object": "^3.0.0",
                "universal-user-agent": "^5.0.0"
            }
        },
        "@octokit/request": {
            "version": "5.4.5",
            "resolved": "https://registry.npmjs.org/@octokit/request/-/request-5.4.5.tgz",
            "integrity": "sha512-atAs5GAGbZedvJXXdjtKljin+e2SltEs48B3naJjqWupYl2IUBbB/CJisyjbNHcKpHzb3E+OYEZ46G8eakXgQg==",
            "requires": {
                "@octokit/endpoint": "^6.0.1",
                "@octokit/request-error": "^2.0.0",
                "@octokit/types": "^5.0.0",
                "deprecation": "^2.0.0",
                "is-plain-object": "^3.0.0",
                "node-fetch": "^2.3.0",
                "once": "^1.4.0",
                "universal-user-agent": "^5.0.0"
            }
        },
        "@octokit/request-error": {
            "version": "2.0.1",
            "resolved": "https://registry.npmjs.org/@octokit/request-error/-/request-error-2.0.1.tgz",
            "integrity": "sha512-5lqBDJ9/TOehK82VvomQ6zFiZjPeSom8fLkFVLuYL3sKiIb5RB8iN/lenLkY7oBmyQcGP7FBMGiIZTO8jufaRQ==",
            "requires": {
                "@octokit/types": "^4.0.1",
                "deprecation": "^2.0.0",
                "once": "^1.4.0"
            },
            "dependencies": {
                "@octokit/types": {
                    "version": "4.1.10",
                    "resolved": "https://registry.npmjs.org/@octokit/types/-/types-4.1.10.tgz",
                    "integrity": "sha512-/wbFy1cUIE5eICcg0wTKGXMlKSbaAxEr00qaBXzscLXpqhcwgXeS6P8O0pkysBhRfyjkKjJaYrvR1ExMO5eOXQ==",
                    "requires": {
                        "@types/node": ">= 8"
                    }
                }
            }
        },
        "@octokit/types": {
            "version": "5.0.0",
            "resolved": "https://registry.npmjs.org/@octokit/types/-/types-5.0.0.tgz",
            "integrity": "sha512-3LVS+MbeqwSd5G4KS8123cZz+hWomsiGeMnQ/QJIBFDwL/YHX8kkr0FZXrgWEMO7Fgi2/VOrhbiFnk9sZ+s4qA==",
            "requires": {
                "@types/node": ">= 8"
            }
        },
        "@types/node": {
            "version": "14.0.13",
            "resolved": "https://registry.npmjs.org/@types/node/-/node-14.0.13.tgz",
            "integrity": "sha512-rouEWBImiRaSJsVA+ITTFM6ZxibuAlTuNOCyxVbwreu6k6+ujs7DfnU9o+PShFhET78pMBl3eH+AGSI5eOTkPA=="
        },
        "axios": {
            "version": "0.19.2",
            "resolved": "https://registry.npmjs.org/axios/-/axios-0.19.2.tgz",
            "integrity": "sha512-fjgm5MvRHLhx+osE2xoekY70AhARk3a6hkN+3Io1jc00jtquGvxYlKlsFUhmUET0V5te6CcZI7lcv2Ym61mjHA==",
            "requires": {
                "follow-redirects": "1.5.10"
            }
        },
        "cross-spawn": {
            "version": "6.0.5",
            "resolved": "https://registry.npmjs.org/cross-spawn/-/cross-spawn-6.0.5.tgz",
            "integrity": "sha512-eTVLrBSt7fjbDygz805pMnstIs2VTBNkRm0qxZd+M7A5XDdxVRWO5MxGBXZhjY4cqLYLdtrGqRf8mBPmzwSpWQ==",
            "requires": {
                "nice-try": "^1.0.4",
                "path-key": "^2.0.1",
                "semver": "^5.5.0",
                "shebang-command": "^1.2.0",
                "which": "^1.2.9"
            }
        },
        "debug": {
            "version": "3.1.0",
            "resolved": "https://registry.npmjs.org/debug/-/debug-3.1.0.tgz",
            "integrity": "sha512-OX8XqP7/1a9cqkxYw2yXss15f26NKWBpDXQd0/uK/KPqdQhxbPa994hnzjcE2VqQpDslf55723cKPUOGSmMY3g==",
            "requires": {
                "ms": "2.0.0"
            }
        },
        "deprecation": {
            "version": "2.3.1",
            "resolved": "https://registry.npmjs.org/deprecation/-/deprecation-2.3.1.tgz",
            "integrity": "sha512-xmHIy4F3scKVwMsQ4WnVaS8bHOx0DmVwRywosKhaILI0ywMDWPtBSku2HNxRvF7jtwDRsoEwYQSfbxj8b7RlJQ=="
        },
        "dotenv": {
            "version": "8.2.0",
            "resolved": "https://registry.npmjs.org/dotenv/-/dotenv-8.2.0.tgz",
            "integrity": "sha512-8sJ78ElpbDJBHNeBzUbUVLsqKdccaa/BXF1uPTw3GrvQTBgrQrtObr2mUrE38vzYd8cEv+m/JBfDLioYcfXoaw=="
        },
        "end-of-stream": {
            "version": "1.4.4",
            "resolved": "https://registry.npmjs.org/end-of-stream/-/end-of-stream-1.4.4.tgz",
            "integrity": "sha512-+uw1inIHVPQoaVuHzRyXd21icM+cnt4CzD5rW+NC1wjOUSTOs+Te7FOv7AhN7vS9x/oIyhLP5PR1H+phQAHu5Q==",
            "requires": {
                "once": "^1.4.0"
            }
        },
        "execa": {
            "version": "1.0.0",
            "resolved": "https://registry.npmjs.org/execa/-/execa-1.0.0.tgz",
            "integrity": "sha512-adbxcyWV46qiHyvSp50TKt05tB4tK3HcmF7/nxfAdhnox83seTDbwnaqKO4sXRy7roHAIFqJP/Rw/AuEbX61LA==",
            "requires": {
                "cross-spawn": "^6.0.0",
                "get-stream": "^4.0.0",
                "is-stream": "^1.1.0",
                "npm-run-path": "^2.0.0",
                "p-finally": "^1.0.0",
                "signal-exit": "^3.0.0",
                "strip-eof": "^1.0.0"
            }
        },
        "follow-redirects": {
            "version": "1.5.10",
            "resolved": "https://registry.npmjs.org/follow-redirects/-/follow-redirects-1.5.10.tgz",
            "integrity": "sha512-0V5l4Cizzvqt5D44aTXbFZz+FtyXV1vrDN6qrelxtfYQKW0KO0W2T/hkE8xvGa/540LkZlkaUjO4ailYTFtHVQ==",
            "requires": {
                "debug": "=3.1.0"
            }
        },
        "get-stream": {
            "version": "4.1.0",
            "resolved": "https://registry.npmjs.org/get-stream/-/get-stream-4.1.0.tgz",
            "integrity": "sha512-GMat4EJ5161kIy2HevLlr4luNjBgvmj413KaQA7jt4V8B4RDsfpHk7WQ9GVqfYyyx8OS/L66Kox+rJRNklLK7w==",
            "requires": {
                "pump": "^3.0.0"
            }
        },
        "gist-box": {
            "version": "0.3.1",
            "resolved": "https://registry.npmjs.org/gist-box/-/gist-box-0.3.1.tgz",
            "integrity": "sha512-ylUuIgJtoT/QkeTKetoVGCKI636/N++3z0OH/GoG58NkSOcmzb8KepR3CAnk3oV1MFRQrTrzwBgZiSlf/OImXw==",
            "requires": {
                "@octokit/request": "^5.3.4"
            }
        },
        "is-plain-object": {
            "version": "3.0.0",
            "resolved": "https://registry.npmjs.org/is-plain-object/-/is-plain-object-3.0.0.tgz",
            "integrity": "sha512-tZIpofR+P05k8Aocp7UI/2UTa9lTJSebCXpFFoR9aibpokDj/uXBsJ8luUu0tTVYKkMU6URDUuOfJZ7koewXvg==",
            "requires": {
                "isobject": "^4.0.0"
            }
        },
        "is-stream": {
            "version": "1.1.0",
            "resolved": "https://registry.npmjs.org/is-stream/-/is-stream-1.1.0.tgz",
            "integrity": "sha1-EtSj3U5o4Lec6428hBc66A2RykQ="
        },
        "isexe": {
            "version": "2.0.0",
            "resolved": "https://registry.npmjs.org/isexe/-/isexe-2.0.0.tgz",
            "integrity": "sha1-6PvzdNxVb/iUehDcsFctYz8s+hA="
        },
        "isobject": {
            "version": "4.0.0",
            "resolved": "https://registry.npmjs.org/isobject/-/isobject-4.0.0.tgz",
            "integrity": "sha512-S/2fF5wH8SJA/kmwr6HYhK/RI/OkhD84k8ntalo0iJjZikgq1XFvR5M8NPT1x5F7fBwCG3qHfnzeP/Vh/ZxCUA=="
        },
        "macos-release": {
            "version": "2.3.0",
            "resolved": "https://registry.npmjs.org/macos-release/-/macos-release-2.3.0.tgz",
            "integrity": "sha512-OHhSbtcviqMPt7yfw5ef5aghS2jzFVKEFyCJndQt2YpSQ9qRVSEv2axSJI1paVThEu+FFGs584h/1YhxjVqajA=="
        },
        "ms": {
            "version": "2.0.0",
            "resolved": "https://registry.npmjs.org/ms/-/ms-2.0.0.tgz",
            "integrity": "sha1-VgiurfwAvmwpAd9fmGF4jeDVl8g="
        },
        "nice-try": {
            "version": "1.0.5",
            "resolved": "https://registry.npmjs.org/nice-try/-/nice-try-1.0.5.tgz",
            "integrity": "sha512-1nh45deeb5olNY7eX82BkPO7SSxR5SSYJiPTrTdFUVYwAl8CKMA5N9PjTYkHiRjisVcxcQ1HXdLhx2qxxJzLNQ=="
        },
        "node-fetch": {
            "version": "2.6.0",
            "resolved": "https://registry.npmjs.org/node-fetch/-/node-fetch-2.6.0.tgz",
            "integrity": "sha512-8dG4H5ujfvFiqDmVu9fQ5bOHUC15JMjMY/Zumv26oOvvVJjM67KF8koCWIabKQ1GJIa9r2mMZscBq/TbdOcmNA=="
        },
        "npm-run-path": {
            "version": "2.0.2",
            "resolved": "https://registry.npmjs.org/npm-run-path/-/npm-run-path-2.0.2.tgz",
            "integrity": "sha1-NakjLfo11wZ7TLLd8jV7GHFTbF8=",
            "requires": {
                "path-key": "^2.0.0"
            }
        },
        "once": {
            "version": "1.4.0",
            "resolved": "https://registry.npmjs.org/once/-/once-1.4.0.tgz",
            "integrity": "sha1-WDsap3WWHUsROsF9nFC6753Xa9E=",
            "requires": {
                "wrappy": "1"
            }
        },
        "os-name": {
            "version": "3.1.0",
            "resolved": "https://registry.npmjs.org/os-name/-/os-name-3.1.0.tgz",
            "integrity": "sha512-h8L+8aNjNcMpo/mAIBPn5PXCM16iyPGjHNWo6U1YO8sJTMHtEtyczI6QJnLoplswm6goopQkqc7OAnjhWcugVg==",
            "requires": {
                "macos-release": "^2.2.0",
                "windows-release": "^3.1.0"
            }
        },
        "p-finally": {
            "version": "1.0.0",
            "resolved": "https://registry.npmjs.org/p-finally/-/p-finally-1.0.0.tgz",
            "integrity": "sha1-P7z7FbiZpEEjs0ttzBi3JDNqLK4="
        },
        "path-key": {
            "version": "2.0.1",
            "resolved": "https://registry.npmjs.org/path-key/-/path-key-2.0.1.tgz",
            "integrity": "sha1-QRyttXTFoUDTpLGRDUDYDMn0C0A="
        },
        "prettier": {
            "version": "2.0.5",
            "resolved": "https://registry.npmjs.org/prettier/-/prettier-2.0.5.tgz",
            "integrity": "sha512-7PtVymN48hGcO4fGjybyBSIWDsLU4H4XlvOHfq91pz9kkGlonzwTfYkaIEwiRg/dAJF9YlbsduBAgtYLi+8cFg==",
            "dev": true
        },
        "pump": {
            "version": "3.0.0",
            "resolved": "https://registry.npmjs.org/pump/-/pump-3.0.0.tgz",
            "integrity": "sha512-LwZy+p3SFs1Pytd/jYct4wpv49HiYCqd9Rlc5ZVdk0V+8Yzv6jR5Blk3TRmPL1ft69TxP0IMZGJ+WPFU2BFhww==",
            "requires": {
                "end-of-stream": "^1.1.0",
                "once": "^1.3.1"
            }
        },
        "semver": {
            "version": "5.7.1",
            "resolved": "https://registry.npmjs.org/semver/-/semver-5.7.1.tgz",
            "integrity": "sha512-sauaDf/PZdVgrLTNYHRtpXa1iRiKcaebiKQ1BJdpQlWH2lCvexQdX55snPFyK7QzpudqbCI0qXFfOasHdyNDGQ=="
        },
        "shebang-command": {
            "version": "1.2.0",
            "resolved": "https://registry.npmjs.org/shebang-command/-/shebang-command-1.2.0.tgz",
            "integrity": "sha1-RKrGW2lbAzmJaMOfNj/uXer98eo=",
            "requires": {
                "shebang-regex": "^1.0.0"
            }
        },
        "shebang-regex": {
            "version": "1.0.0",
            "resolved": "https://registry.npmjs.org/shebang-regex/-/shebang-regex-1.0.0.tgz",
            "integrity": "sha1-2kL0l0DAtC2yypcoVxyxkMmO/qM="
        },
        "signal-exit": {
            "version": "3.0.2",
            "resolved": "https://registry.npmjs.org/signal-exit/-/signal-exit-3.0.2.tgz",
            "integrity": "sha1-tf3AjxKH6hF4Yo5BXiUTK3NkbG0="
        },
        "strip-eof": {
            "version": "1.0.0",
            "resolved": "https://registry.npmjs.org/strip-eof/-/strip-eof-1.0.0.tgz",
            "integrity": "sha1-u0P/VZim6wXYm1n80SnJgzE2Br8="
        },
        "universal-user-agent": {
            "version": "5.0.0",
            "resolved": "https://registry.npmjs.org/universal-user-agent/-/universal-user-agent-5.0.0.tgz",
            "integrity": "sha512-B5TPtzZleXyPrUMKCpEHFmVhMN6EhmJYjG5PQna9s7mXeSqGTLap4OpqLl5FCEFUI3UBmllkETwKf/db66Y54Q==",
            "requires": {
                "os-name": "^3.1.0"
            }
        },
        "which": {
            "version": "1.3.1",
            "resolved": "https://registry.npmjs.org/which/-/which-1.3.1.tgz",
            "integrity": "sha512-HxJdYWq1MTIQbJ3nw0cqssHoTNU267KlrDuGZ1WYlxDStUtKUhOaJmh112/TZmHxxUfuJqPXSOm7tDyas0OSIQ==",
            "requires": {
                "isexe": "^2.0.0"
            }
        },
        "windows-release": {
            "version": "3.3.1",
            "resolved": "https://registry.npmjs.org/windows-release/-/windows-release-3.3.1.tgz",
            "integrity": "sha512-Pngk/RDCaI/DkuHPlGTdIkDiTAnAkyMjoQMZqRsxydNl1qGXNIoZrB7RK8g53F2tEgQBMqQJHQdYZuQEEAu54A==",
            "requires": {
                "execa": "^1.0.0"
            }
        },
        "wrappy": {
            "version": "1.0.2",
            "resolved": "https://registry.npmjs.org/wrappy/-/wrappy-1.0.2.tgz",
            "integrity": "sha1-tSQ9jz7BqjXxNkYFvA0QNuMKtp8="
        }
    }
}
